// !$*UTF8*$!
{
	archiveVersion = 1;
	classes = {
	};
	objectVersion = 56;
	objects = {

/* Begin PBXBuildFile section */
		8501F0DD2AB4306C0046AA3C /* SelectableText.swift in Sources */ = {isa = PBXBuildFile; fileRef = 8501F0DC2AB4306C0046AA3C /* SelectableText.swift */; };
		8501F0DF2AB431650046AA3C /* PostScreen.swift in Sources */ = {isa = PBXBuildFile; fileRef = 8501F0DE2AB431650046AA3C /* PostScreen.swift */; };
		8501F0E12AB437A30046AA3C /* View+if.swift in Sources */ = {isa = PBXBuildFile; fileRef = 8501F0E02AB437A30046AA3C /* View+if.swift */; };
		8501F0E32AB44C740046AA3C /* CopyLink.swift in Sources */ = {isa = PBXBuildFile; fileRef = 8501F0E22AB44C740046AA3C /* CopyLink.swift */; };
		853B50702AB44CEA00C2B611 /* OpenLink.swift in Sources */ = {isa = PBXBuildFile; fileRef = 853B506F2AB44CEA00C2B611 /* OpenLink.swift */; };
		853B50722AB52E9700C2B611 /* Haptics.swift in Sources */ = {isa = PBXBuildFile; fileRef = 853B50712AB52E9700C2B611 /* Haptics.swift */; };
		85568B932B5B880D00EA2E20 /* API+parse.swift in Sources */ = {isa = PBXBuildFile; fileRef = 85568B922B5B880D00EA2E20 /* API+parse.swift */; };
		85568B952B5B898D00EA2E20 /* View+memorial.swift in Sources */ = {isa = PBXBuildFile; fileRef = 85568B942B5B898D00EA2E20 /* View+memorial.swift */; };
		85568B982B5B8EE600EA2E20 /* BetterSafariView in Frameworks */ = {isa = PBXBuildFile; productRef = 85568B972B5B8EE600EA2E20 /* BetterSafariView */; };
		85568B9A2B5B91A700EA2E20 /* ScoreView.swift in Sources */ = {isa = PBXBuildFile; fileRef = 85568B992B5B91A700EA2E20 /* ScoreView.swift */; };
		85568B9D2B5B9B4200EA2E20 /* SwiftUIIntrospect in Frameworks */ = {isa = PBXBuildFile; productRef = 85568B9C2B5B9B4200EA2E20 /* SwiftUIIntrospect */; };
		85954B6C2AB3EEBC00680758 /* TangerineApp.swift in Sources */ = {isa = PBXBuildFile; fileRef = 85954B6B2AB3EEBC00680758 /* TangerineApp.swift */; };
		85954B702AB3EEBD00680758 /* Assets.xcassets in Resources */ = {isa = PBXBuildFile; fileRef = 85954B6F2AB3EEBD00680758 /* Assets.xcassets */; };
		85954B732AB3EEBD00680758 /* Preview Assets.xcassets in Resources */ = {isa = PBXBuildFile; fileRef = 85954B722AB3EEBD00680758 /* Preview Assets.xcassets */; };
		85954B7D2AB3EEBD00680758 /* TangerineTests.swift in Sources */ = {isa = PBXBuildFile; fileRef = 85954B7C2AB3EEBD00680758 /* TangerineTests.swift */; };
		85954B872AB3EEBD00680758 /* TangerineUITests.swift in Sources */ = {isa = PBXBuildFile; fileRef = 85954B862AB3EEBD00680758 /* TangerineUITests.swift */; };
		85954B892AB3EEBD00680758 /* TangerineUITestsLaunchTests.swift in Sources */ = {isa = PBXBuildFile; fileRef = 85954B882AB3EEBD00680758 /* TangerineUITestsLaunchTests.swift */; };
		85954B982AB3F56600680758 /* TabRoot.swift in Sources */ = {isa = PBXBuildFile; fileRef = 85954B972AB3F56600680758 /* TabRoot.swift */; };
		85954B9B2AB3FF3700680758 /* ListingScreen.swift in Sources */ = {isa = PBXBuildFile; fileRef = 85954B9A2AB3FF3700680758 /* ListingScreen.swift */; };
		85954B9F2AB3FF7300680758 /* API.swift in Sources */ = {isa = PBXBuildFile; fileRef = 85954B9E2AB3FF7300680758 /* API.swift */; };
		85954BA32AB404E000680758 /* Fetchable.swift in Sources */ = {isa = PBXBuildFile; fileRef = 85954BA22AB404E000680758 /* Fetchable.swift */; };
		85954BA52AB404F600680758 /* FetchInstance.swift in Sources */ = {isa = PBXBuildFile; fileRef = 85954BA42AB404F600680758 /* FetchInstance.swift */; };
		85954BA72AB4051300680758 /* FetchView.swift in Sources */ = {isa = PBXBuildFile; fileRef = 85954BA62AB4051300680758 /* FetchView.swift */; };
		85954BA92AB4054800680758 /* FetchInstanceCache.swift in Sources */ = {isa = PBXBuildFile; fileRef = 85954BA82AB4054800680758 /* FetchInstanceCache.swift */; };
		85954BAC2AB405B600680758 /* TangerineError.swift in Sources */ = {isa = PBXBuildFile; fileRef = 85954BAB2AB405B600680758 /* TangerineError.swift */; };
		85954BAF2AB4070F00680758 /* SwiftSoup in Frameworks */ = {isa = PBXBuildFile; productRef = 85954BAE2AB4070F00680758 /* SwiftSoup */; };
		85954BB12AB4074900680758 /* FetchBrowseListing.swift in Sources */ = {isa = PBXBuildFile; fileRef = 85954BB02AB4074900680758 /* FetchBrowseListing.swift */; };
		85954BB42AB407F700680758 /* Post.swift in Sources */ = {isa = PBXBuildFile; fileRef = 85954BB32AB407F700680758 /* Post.swift */; };
		85954BB62AB408CB00680758 /* API+fetch.swift in Sources */ = {isa = PBXBuildFile; fileRef = 85954BB52AB408CB00680758 /* API+fetch.swift */; };
		85954BB82AB408FC00680758 /* URLResponse+http.swift in Sources */ = {isa = PBXBuildFile; fileRef = 85954BB72AB408FC00680758 /* URLResponse+http.swift */; };
		85954BBA2AB4091400680758 /* Bundle+appInfo.swift in Sources */ = {isa = PBXBuildFile; fileRef = 85954BB92AB4091400680758 /* Bundle+appInfo.swift */; };
		85954BBC2AB409BD00680758 /* Logger+init.swift in Sources */ = {isa = PBXBuildFile; fileRef = 85954BBB2AB409BD00680758 /* Logger+init.swift */; };
		85954BBE2AB40FF100680758 /* ListingTab.swift in Sources */ = {isa = PBXBuildFile; fileRef = 85954BBD2AB40FF100680758 /* ListingTab.swift */; };
		85954BC12AB4178000680758 /* PostRow.swift in Sources */ = {isa = PBXBuildFile; fileRef = 85954BC02AB4178000680758 /* PostRow.swift */; };
		85954BC32AB41ACE00680758 /* CGFloat+constants.swift in Sources */ = {isa = PBXBuildFile; fileRef = 85954BC22AB41ACE00680758 /* CGFloat+constants.swift */; };
		85954BC52AB41DBA00680758 /* Parse.swift in Sources */ = {isa = PBXBuildFile; fileRef = 85954BC42AB41DBA00680758 /* Parse.swift */; };
		85954BC72AB421C100680758 /* Formatter.swift in Sources */ = {isa = PBXBuildFile; fileRef = 85954BC62AB421C100680758 /* Formatter.swift */; };
		85954BC92AB42BC100680758 /* ExternalLink.swift in Sources */ = {isa = PBXBuildFile; fileRef = 85954BC82AB42BC100680758 /* ExternalLink.swift */; };
		85D4F12A2ABE86AF00CF8498 /* WindowRoot.swift in Sources */ = {isa = PBXBuildFile; fileRef = 85D4F1292ABE86AF00CF8498 /* WindowRoot.swift */; };
		85DF8D692B5BB16F00F9ADAC /* InfiniteFetchView.swift in Sources */ = {isa = PBXBuildFile; fileRef = 85DF8D682B5BB16F00F9ADAC /* InfiniteFetchView.swift */; };
		85DF8D6B2B5C45C100F9ADAC /* ErrorView.swift in Sources */ = {isa = PBXBuildFile; fileRef = 85DF8D6A2B5C45C100F9ADAC /* ErrorView.swift */; };
		85DF8D6D2B5C4C1500F9ADAC /* FetchPage.swift in Sources */ = {isa = PBXBuildFile; fileRef = 85DF8D6C2B5C4C1500F9ADAC /* FetchPage.swift */; };
/* End PBXBuildFile section */

/* Begin PBXContainerItemProxy section */
		85954B792AB3EEBD00680758 /* PBXContainerItemProxy */ = {
			isa = PBXContainerItemProxy;
			containerPortal = 85954B602AB3EEBB00680758 /* Project object */;
			proxyType = 1;
			remoteGlobalIDString = 85954B672AB3EEBC00680758;
			remoteInfo = Tangerine;
		};
		85954B832AB3EEBD00680758 /* PBXContainerItemProxy */ = {
			isa = PBXContainerItemProxy;
			containerPortal = 85954B602AB3EEBB00680758 /* Project object */;
			proxyType = 1;
			remoteGlobalIDString = 85954B672AB3EEBC00680758;
			remoteInfo = Tangerine;
		};
/* End PBXContainerItemProxy section */

/* Begin PBXFileReference section */
		8501F0DC2AB4306C0046AA3C /* SelectableText.swift */ = {isa = PBXFileReference; lastKnownFileType = sourcecode.swift; path = SelectableText.swift; sourceTree = "<group>"; };
		8501F0DE2AB431650046AA3C /* PostScreen.swift */ = {isa = PBXFileReference; lastKnownFileType = sourcecode.swift; path = PostScreen.swift; sourceTree = "<group>"; };
		8501F0E02AB437A30046AA3C /* View+if.swift */ = {isa = PBXFileReference; lastKnownFileType = sourcecode.swift; path = "View+if.swift"; sourceTree = "<group>"; };
		8501F0E22AB44C740046AA3C /* CopyLink.swift */ = {isa = PBXFileReference; lastKnownFileType = sourcecode.swift; path = CopyLink.swift; sourceTree = "<group>"; };
		853B506F2AB44CEA00C2B611 /* OpenLink.swift */ = {isa = PBXFileReference; fileEncoding = 4; lastKnownFileType = sourcecode.swift; path = OpenLink.swift; sourceTree = "<group>"; };
		853B50712AB52E9700C2B611 /* Haptics.swift */ = {isa = PBXFileReference; lastKnownFileType = sourcecode.swift; path = Haptics.swift; sourceTree = "<group>"; };
		85568B922B5B880D00EA2E20 /* API+parse.swift */ = {isa = PBXFileReference; lastKnownFileType = sourcecode.swift; path = "API+parse.swift"; sourceTree = "<group>"; };
		85568B942B5B898D00EA2E20 /* View+memorial.swift */ = {isa = PBXFileReference; fileEncoding = 4; lastKnownFileType = sourcecode.swift; path = "View+memorial.swift"; sourceTree = "<group>"; };
		85568B992B5B91A700EA2E20 /* ScoreView.swift */ = {isa = PBXFileReference; lastKnownFileType = sourcecode.swift; path = ScoreView.swift; sourceTree = "<group>"; };
		85954B682AB3EEBC00680758 /* Tangerine.app */ = {isa = PBXFileReference; explicitFileType = wrapper.application; includeInIndex = 0; path = Tangerine.app; sourceTree = BUILT_PRODUCTS_DIR; };
		85954B6B2AB3EEBC00680758 /* TangerineApp.swift */ = {isa = PBXFileReference; lastKnownFileType = sourcecode.swift; path = TangerineApp.swift; sourceTree = "<group>"; };
		85954B6F2AB3EEBD00680758 /* Assets.xcassets */ = {isa = PBXFileReference; lastKnownFileType = folder.assetcatalog; path = Assets.xcassets; sourceTree = "<group>"; };
		85954B722AB3EEBD00680758 /* Preview Assets.xcassets */ = {isa = PBXFileReference; lastKnownFileType = folder.assetcatalog; path = "Preview Assets.xcassets"; sourceTree = "<group>"; };
		85954B782AB3EEBD00680758 /* TangerineTests.xctest */ = {isa = PBXFileReference; explicitFileType = wrapper.cfbundle; includeInIndex = 0; path = TangerineTests.xctest; sourceTree = BUILT_PRODUCTS_DIR; };
		85954B7C2AB3EEBD00680758 /* TangerineTests.swift */ = {isa = PBXFileReference; lastKnownFileType = sourcecode.swift; path = TangerineTests.swift; sourceTree = "<group>"; };
		85954B822AB3EEBD00680758 /* TangerineUITests.xctest */ = {isa = PBXFileReference; explicitFileType = wrapper.cfbundle; includeInIndex = 0; path = TangerineUITests.xctest; sourceTree = BUILT_PRODUCTS_DIR; };
		85954B862AB3EEBD00680758 /* TangerineUITests.swift */ = {isa = PBXFileReference; lastKnownFileType = sourcecode.swift; path = TangerineUITests.swift; sourceTree = "<group>"; };
		85954B882AB3EEBD00680758 /* TangerineUITestsLaunchTests.swift */ = {isa = PBXFileReference; lastKnownFileType = sourcecode.swift; path = TangerineUITestsLaunchTests.swift; sourceTree = "<group>"; };
		85954B972AB3F56600680758 /* TabRoot.swift */ = {isa = PBXFileReference; lastKnownFileType = sourcecode.swift; path = TabRoot.swift; sourceTree = "<group>"; };
		85954B9A2AB3FF3700680758 /* ListingScreen.swift */ = {isa = PBXFileReference; lastKnownFileType = sourcecode.swift; path = ListingScreen.swift; sourceTree = "<group>"; };
		85954B9E2AB3FF7300680758 /* API.swift */ = {isa = PBXFileReference; lastKnownFileType = sourcecode.swift; path = API.swift; sourceTree = "<group>"; };
		85954BA22AB404E000680758 /* Fetchable.swift */ = {isa = PBXFileReference; lastKnownFileType = sourcecode.swift; path = Fetchable.swift; sourceTree = "<group>"; };
		85954BA42AB404F600680758 /* FetchInstance.swift */ = {isa = PBXFileReference; lastKnownFileType = sourcecode.swift; path = FetchInstance.swift; sourceTree = "<group>"; };
		85954BA62AB4051300680758 /* FetchView.swift */ = {isa = PBXFileReference; lastKnownFileType = sourcecode.swift; path = FetchView.swift; sourceTree = "<group>"; };
		85954BA82AB4054800680758 /* FetchInstanceCache.swift */ = {isa = PBXFileReference; lastKnownFileType = sourcecode.swift; path = FetchInstanceCache.swift; sourceTree = "<group>"; };
		85954BAB2AB405B600680758 /* TangerineError.swift */ = {isa = PBXFileReference; lastKnownFileType = sourcecode.swift; path = TangerineError.swift; sourceTree = "<group>"; };
		85954BB02AB4074900680758 /* FetchBrowseListing.swift */ = {isa = PBXFileReference; lastKnownFileType = sourcecode.swift; path = FetchBrowseListing.swift; sourceTree = "<group>"; };
		85954BB32AB407F700680758 /* Post.swift */ = {isa = PBXFileReference; lastKnownFileType = sourcecode.swift; path = Post.swift; sourceTree = "<group>"; };
		85954BB52AB408CB00680758 /* API+fetch.swift */ = {isa = PBXFileReference; lastKnownFileType = sourcecode.swift; path = "API+fetch.swift"; sourceTree = "<group>"; };
		85954BB72AB408FC00680758 /* URLResponse+http.swift */ = {isa = PBXFileReference; lastKnownFileType = sourcecode.swift; path = "URLResponse+http.swift"; sourceTree = "<group>"; };
		85954BB92AB4091400680758 /* Bundle+appInfo.swift */ = {isa = PBXFileReference; lastKnownFileType = sourcecode.swift; path = "Bundle+appInfo.swift"; sourceTree = "<group>"; };
		85954BBB2AB409BD00680758 /* Logger+init.swift */ = {isa = PBXFileReference; lastKnownFileType = sourcecode.swift; path = "Logger+init.swift"; sourceTree = "<group>"; };
		85954BBD2AB40FF100680758 /* ListingTab.swift */ = {isa = PBXFileReference; lastKnownFileType = sourcecode.swift; path = ListingTab.swift; sourceTree = "<group>"; };
		85954BC02AB4178000680758 /* PostRow.swift */ = {isa = PBXFileReference; lastKnownFileType = sourcecode.swift; path = PostRow.swift; sourceTree = "<group>"; };
		85954BC22AB41ACE00680758 /* CGFloat+constants.swift */ = {isa = PBXFileReference; lastKnownFileType = sourcecode.swift; path = "CGFloat+constants.swift"; sourceTree = "<group>"; };
		85954BC42AB41DBA00680758 /* Parse.swift */ = {isa = PBXFileReference; lastKnownFileType = sourcecode.swift; path = Parse.swift; sourceTree = "<group>"; };
		85954BC62AB421C100680758 /* Formatter.swift */ = {isa = PBXFileReference; lastKnownFileType = sourcecode.swift; path = Formatter.swift; sourceTree = "<group>"; };
		85954BC82AB42BC100680758 /* ExternalLink.swift */ = {isa = PBXFileReference; lastKnownFileType = sourcecode.swift; path = ExternalLink.swift; sourceTree = "<group>"; };
		85D4F1292ABE86AF00CF8498 /* WindowRoot.swift */ = {isa = PBXFileReference; lastKnownFileType = sourcecode.swift; path = WindowRoot.swift; sourceTree = "<group>"; };
		85DF8D682B5BB16F00F9ADAC /* InfiniteFetchView.swift */ = {isa = PBXFileReference; fileEncoding = 4; lastKnownFileType = sourcecode.swift; path = InfiniteFetchView.swift; sourceTree = "<group>"; };
		85DF8D6A2B5C45C100F9ADAC /* ErrorView.swift */ = {isa = PBXFileReference; lastKnownFileType = sourcecode.swift; path = ErrorView.swift; sourceTree = "<group>"; };
		85DF8D6C2B5C4C1500F9ADAC /* FetchPage.swift */ = {isa = PBXFileReference; fileEncoding = 4; lastKnownFileType = sourcecode.swift; path = FetchPage.swift; sourceTree = "<group>"; };
/* End PBXFileReference section */

/* Begin PBXFrameworksBuildPhase section */
		85954B652AB3EEBC00680758 /* Frameworks */ = {
			isa = PBXFrameworksBuildPhase;
			buildActionMask = 2147483647;
			files = (
				85568B9D2B5B9B4200EA2E20 /* SwiftUIIntrospect in Frameworks */,
				85954BAF2AB4070F00680758 /* SwiftSoup in Frameworks */,
				85568B982B5B8EE600EA2E20 /* BetterSafariView in Frameworks */,
			);
			runOnlyForDeploymentPostprocessing = 0;
		};
		85954B752AB3EEBD00680758 /* Frameworks */ = {
			isa = PBXFrameworksBuildPhase;
			buildActionMask = 2147483647;
			files = (
			);
			runOnlyForDeploymentPostprocessing = 0;
		};
		85954B7F2AB3EEBD00680758 /* Frameworks */ = {
			isa = PBXFrameworksBuildPhase;
			buildActionMask = 2147483647;
			files = (
			);
			runOnlyForDeploymentPostprocessing = 0;
		};
/* End PBXFrameworksBuildPhase section */

/* Begin PBXGroup section */
		85568B912B5B86ED00EA2E20 /* Views */ = {
			isa = PBXGroup;
			children = (
				85954BC82AB42BC100680758 /* ExternalLink.swift */,
				853B506F2AB44CEA00C2B611 /* OpenLink.swift */,
				85568B992B5B91A700EA2E20 /* ScoreView.swift */,
				85DF8D6A2B5C45C100F9ADAC /* ErrorView.swift */,
			);
			path = Views;
			sourceTree = "<group>";
		};
		85954B5F2AB3EEBB00680758 = {
			isa = PBXGroup;
			children = (
				85954B6A2AB3EEBC00680758 /* Tangerine */,
				85954B7B2AB3EEBD00680758 /* TangerineTests */,
				85954B852AB3EEBD00680758 /* TangerineUITests */,
				85954B692AB3EEBC00680758 /* Products */,
			);
			sourceTree = "<group>";
		};
		85954B692AB3EEBC00680758 /* Products */ = {
			isa = PBXGroup;
			children = (
				85954B682AB3EEBC00680758 /* Tangerine.app */,
				85954B782AB3EEBD00680758 /* TangerineTests.xctest */,
				85954B822AB3EEBD00680758 /* TangerineUITests.xctest */,
			);
			name = Products;
			sourceTree = "<group>";
		};
		85954B6A2AB3EEBC00680758 /* Tangerine */ = {
			isa = PBXGroup;
			children = (
				85954BAA2AB405AE00680758 /* Util */,
				85954BA12AB404D500680758 /* Data */,
				85954B952AB3F55500680758 /* Views */,
				85954B6B2AB3EEBC00680758 /* TangerineApp.swift */,
				85954B6F2AB3EEBD00680758 /* Assets.xcassets */,
				85954B712AB3EEBD00680758 /* Preview Content */,
			);
			path = Tangerine;
			sourceTree = "<group>";
		};
		85954B712AB3EEBD00680758 /* Preview Content */ = {
			isa = PBXGroup;
			children = (
				85954B722AB3EEBD00680758 /* Preview Assets.xcassets */,
			);
			path = "Preview Content";
			sourceTree = "<group>";
		};
		85954B7B2AB3EEBD00680758 /* TangerineTests */ = {
			isa = PBXGroup;
			children = (
				85954B7C2AB3EEBD00680758 /* TangerineTests.swift */,
			);
			path = TangerineTests;
			sourceTree = "<group>";
		};
		85954B852AB3EEBD00680758 /* TangerineUITests */ = {
			isa = PBXGroup;
			children = (
				85954B862AB3EEBD00680758 /* TangerineUITests.swift */,
				85954B882AB3EEBD00680758 /* TangerineUITestsLaunchTests.swift */,
			);
			path = TangerineUITests;
			sourceTree = "<group>";
		};
		85954B952AB3F55500680758 /* Views */ = {
			isa = PBXGroup;
			children = (
				85954BBF2AB4122D00680758 /* Item */,
				85954B992AB3FF2E00680758 /* Listing */,
				85954B962AB3F55C00680758 /* Root */,
			);
			path = Views;
			sourceTree = "<group>";
		};
		85954B962AB3F55C00680758 /* Root */ = {
			isa = PBXGroup;
			children = (
				85954B972AB3F56600680758 /* TabRoot.swift */,
				85D4F1292ABE86AF00CF8498 /* WindowRoot.swift */,
			);
			path = Root;
			sourceTree = "<group>";
		};
		85954B992AB3FF2E00680758 /* Listing */ = {
			isa = PBXGroup;
			children = (
				85954B9A2AB3FF3700680758 /* ListingScreen.swift */,
				85954BBD2AB40FF100680758 /* ListingTab.swift */,
			);
			path = Listing;
			sourceTree = "<group>";
		};
		85954B9C2AB3FF6800680758 /* API */ = {
			isa = PBXGroup;
			children = (
				85954BB22AB407EE00680758 /* Post */,
				85954B9D2AB3FF6D00680758 /* Listing */,
				85954B9E2AB3FF7300680758 /* API.swift */,
				85568B922B5B880D00EA2E20 /* API+parse.swift */,
				85954BB52AB408CB00680758 /* API+fetch.swift */,
			);
			path = API;
			sourceTree = "<group>";
		};
		85954B9D2AB3FF6D00680758 /* Listing */ = {
			isa = PBXGroup;
			children = (
				85954BB02AB4074900680758 /* FetchBrowseListing.swift */,
				85DF8D6C2B5C4C1500F9ADAC /* FetchPage.swift */,
			);
			path = Listing;
			sourceTree = "<group>";
		};
		85954BA02AB404CF00680758 /* Fetchable */ = {
			isa = PBXGroup;
			children = (
				85954BA22AB404E000680758 /* Fetchable.swift */,
				85954BA42AB404F600680758 /* FetchInstance.swift */,
				85954BA62AB4051300680758 /* FetchView.swift */,
				85DF8D682B5BB16F00F9ADAC /* InfiniteFetchView.swift */,
				85954BA82AB4054800680758 /* FetchInstanceCache.swift */,
			);
			path = Fetchable;
			sourceTree = "<group>";
		};
		85954BA12AB404D500680758 /* Data */ = {
			isa = PBXGroup;
			children = (
				85954B9C2AB3FF6800680758 /* API */,
				85954BA02AB404CF00680758 /* Fetchable */,
			);
			path = Data;
			sourceTree = "<group>";
		};
		85954BAA2AB405AE00680758 /* Util */ = {
			isa = PBXGroup;
			children = (
				85568B912B5B86ED00EA2E20 /* Views */,
				85954BAB2AB405B600680758 /* TangerineError.swift */,
				85954BB72AB408FC00680758 /* URLResponse+http.swift */,
				85954BB92AB4091400680758 /* Bundle+appInfo.swift */,
				85954BBB2AB409BD00680758 /* Logger+init.swift */,
				85954BC22AB41ACE00680758 /* CGFloat+constants.swift */,
				85954BC42AB41DBA00680758 /* Parse.swift */,
				85954BC62AB421C100680758 /* Formatter.swift */,
				8501F0DC2AB4306C0046AA3C /* SelectableText.swift */,
				8501F0E02AB437A30046AA3C /* View+if.swift */,
				85568B942B5B898D00EA2E20 /* View+memorial.swift */,
				8501F0E22AB44C740046AA3C /* CopyLink.swift */,
				853B50712AB52E9700C2B611 /* Haptics.swift */,
			);
			path = Util;
			sourceTree = "<group>";
		};
		85954BB22AB407EE00680758 /* Post */ = {
			isa = PBXGroup;
			children = (
				85954BB32AB407F700680758 /* Post.swift */,
			);
			path = Post;
			sourceTree = "<group>";
		};
		85954BBF2AB4122D00680758 /* Item */ = {
			isa = PBXGroup;
			children = (
				85954BC02AB4178000680758 /* PostRow.swift */,
				8501F0DE2AB431650046AA3C /* PostScreen.swift */,
			);
			path = Item;
			sourceTree = "<group>";
		};
/* End PBXGroup section */

/* Begin PBXNativeTarget section */
		85954B672AB3EEBC00680758 /* Tangerine */ = {
			isa = PBXNativeTarget;
			buildConfigurationList = 85954B8C2AB3EEBD00680758 /* Build configuration list for PBXNativeTarget "Tangerine" */;
			buildPhases = (
				85954B642AB3EEBC00680758 /* Sources */,
				85954B652AB3EEBC00680758 /* Frameworks */,
				85954B662AB3EEBC00680758 /* Resources */,
			);
			buildRules = (
			);
			dependencies = (
			);
			name = Tangerine;
			packageProductDependencies = (
				85954BAE2AB4070F00680758 /* SwiftSoup */,
				85568B972B5B8EE600EA2E20 /* BetterSafariView */,
				85568B9C2B5B9B4200EA2E20 /* SwiftUIIntrospect */,
			);
			productName = Tangerine;
			productReference = 85954B682AB3EEBC00680758 /* Tangerine.app */;
			productType = "com.apple.product-type.application";
		};
		85954B772AB3EEBD00680758 /* TangerineTests */ = {
			isa = PBXNativeTarget;
			buildConfigurationList = 85954B8F2AB3EEBD00680758 /* Build configuration list for PBXNativeTarget "TangerineTests" */;
			buildPhases = (
				85954B742AB3EEBD00680758 /* Sources */,
				85954B752AB3EEBD00680758 /* Frameworks */,
				85954B762AB3EEBD00680758 /* Resources */,
			);
			buildRules = (
			);
			dependencies = (
				85954B7A2AB3EEBD00680758 /* PBXTargetDependency */,
			);
			name = TangerineTests;
			productName = TangerineTests;
			productReference = 85954B782AB3EEBD00680758 /* TangerineTests.xctest */;
			productType = "com.apple.product-type.bundle.unit-test";
		};
		85954B812AB3EEBD00680758 /* TangerineUITests */ = {
			isa = PBXNativeTarget;
			buildConfigurationList = 85954B922AB3EEBD00680758 /* Build configuration list for PBXNativeTarget "TangerineUITests" */;
			buildPhases = (
				85954B7E2AB3EEBD00680758 /* Sources */,
				85954B7F2AB3EEBD00680758 /* Frameworks */,
				85954B802AB3EEBD00680758 /* Resources */,
			);
			buildRules = (
			);
			dependencies = (
				85954B842AB3EEBD00680758 /* PBXTargetDependency */,
			);
			name = TangerineUITests;
			productName = TangerineUITests;
			productReference = 85954B822AB3EEBD00680758 /* TangerineUITests.xctest */;
			productType = "com.apple.product-type.bundle.ui-testing";
		};
/* End PBXNativeTarget section */

/* Begin PBXProject section */
		85954B602AB3EEBB00680758 /* Project object */ = {
			isa = PBXProject;
			attributes = {
				BuildIndependentTargetsInParallel = 1;
				LastSwiftUpdateCheck = 1500;
				LastUpgradeCheck = 1500;
				TargetAttributes = {
					85954B672AB3EEBC00680758 = {
						CreatedOnToolsVersion = 15.0;
					};
					85954B772AB3EEBD00680758 = {
						CreatedOnToolsVersion = 15.0;
						TestTargetID = 85954B672AB3EEBC00680758;
					};
					85954B812AB3EEBD00680758 = {
						CreatedOnToolsVersion = 15.0;
						TestTargetID = 85954B672AB3EEBC00680758;
					};
				};
			};
			buildConfigurationList = 85954B632AB3EEBB00680758 /* Build configuration list for PBXProject "Tangerine" */;
			compatibilityVersion = "Xcode 14.0";
			developmentRegion = en;
			hasScannedForEncodings = 0;
			knownRegions = (
				en,
				Base,
			);
			mainGroup = 85954B5F2AB3EEBB00680758;
			packageReferences = (
				85954BAD2AB4070F00680758 /* XCRemoteSwiftPackageReference "SwiftSoup" */,
				85568B962B5B8EE600EA2E20 /* XCRemoteSwiftPackageReference "BetterSafariView" */,
				85568B9B2B5B9B4200EA2E20 /* XCRemoteSwiftPackageReference "swiftui-introspect" */,
			);
			productRefGroup = 85954B692AB3EEBC00680758 /* Products */;
			projectDirPath = "";
			projectRoot = "";
			targets = (
				85954B672AB3EEBC00680758 /* Tangerine */,
				85954B772AB3EEBD00680758 /* TangerineTests */,
				85954B812AB3EEBD00680758 /* TangerineUITests */,
			);
		};
/* End PBXProject section */

/* Begin PBXResourcesBuildPhase section */
		85954B662AB3EEBC00680758 /* Resources */ = {
			isa = PBXResourcesBuildPhase;
			buildActionMask = 2147483647;
			files = (
				85954B732AB3EEBD00680758 /* Preview Assets.xcassets in Resources */,
				85954B702AB3EEBD00680758 /* Assets.xcassets in Resources */,
			);
			runOnlyForDeploymentPostprocessing = 0;
		};
		85954B762AB3EEBD00680758 /* Resources */ = {
			isa = PBXResourcesBuildPhase;
			buildActionMask = 2147483647;
			files = (
			);
			runOnlyForDeploymentPostprocessing = 0;
		};
		85954B802AB3EEBD00680758 /* Resources */ = {
			isa = PBXResourcesBuildPhase;
			buildActionMask = 2147483647;
			files = (
			);
			runOnlyForDeploymentPostprocessing = 0;
		};
/* End PBXResourcesBuildPhase section */

/* Begin PBXSourcesBuildPhase section */
		85954B642AB3EEBC00680758 /* Sources */ = {
			isa = PBXSourcesBuildPhase;
			buildActionMask = 2147483647;
			files = (
				85954BA72AB4051300680758 /* FetchView.swift in Sources */,
				85954BC12AB4178000680758 /* PostRow.swift in Sources */,
				85954BC72AB421C100680758 /* Formatter.swift in Sources */,
				85D4F12A2ABE86AF00CF8498 /* WindowRoot.swift in Sources */,
				85954BC52AB41DBA00680758 /* Parse.swift in Sources */,
				85954B982AB3F56600680758 /* TabRoot.swift in Sources */,
				85568B9A2B5B91A700EA2E20 /* ScoreView.swift in Sources */,
				8501F0E12AB437A30046AA3C /* View+if.swift in Sources */,
				85954B9F2AB3FF7300680758 /* API.swift in Sources */,
				85954B9B2AB3FF3700680758 /* ListingScreen.swift in Sources */,
				85DF8D6B2B5C45C100F9ADAC /* ErrorView.swift in Sources */,
				85954BA52AB404F600680758 /* FetchInstance.swift in Sources */,
				853B50722AB52E9700C2B611 /* Haptics.swift in Sources */,
				85954BB62AB408CB00680758 /* API+fetch.swift in Sources */,
				85DF8D692B5BB16F00F9ADAC /* InfiniteFetchView.swift in Sources */,
				85954BB82AB408FC00680758 /* URLResponse+http.swift in Sources */,
				85954BA32AB404E000680758 /* Fetchable.swift in Sources */,
				85954BB42AB407F700680758 /* Post.swift in Sources */,
				85954BA92AB4054800680758 /* FetchInstanceCache.swift in Sources */,
				85954BAC2AB405B600680758 /* TangerineError.swift in Sources */,
				8501F0DD2AB4306C0046AA3C /* SelectableText.swift in Sources */,
				85954BC92AB42BC100680758 /* ExternalLink.swift in Sources */,
				85954BC32AB41ACE00680758 /* CGFloat+constants.swift in Sources */,
				85DF8D6D2B5C4C1500F9ADAC /* FetchPage.swift in Sources */,
				85954BBC2AB409BD00680758 /* Logger+init.swift in Sources */,
				85954BBE2AB40FF100680758 /* ListingTab.swift in Sources */,
				85568B952B5B898D00EA2E20 /* View+memorial.swift in Sources */,
				85568B932B5B880D00EA2E20 /* API+parse.swift in Sources */,
				85954BBA2AB4091400680758 /* Bundle+appInfo.swift in Sources */,
				8501F0DF2AB431650046AA3C /* PostScreen.swift in Sources */,
				8501F0E32AB44C740046AA3C /* CopyLink.swift in Sources */,
				853B50702AB44CEA00C2B611 /* OpenLink.swift in Sources */,
				85954B6C2AB3EEBC00680758 /* TangerineApp.swift in Sources */,
				85954BB12AB4074900680758 /* FetchBrowseListing.swift in Sources */,
			);
			runOnlyForDeploymentPostprocessing = 0;
		};
		85954B742AB3EEBD00680758 /* Sources */ = {
			isa = PBXSourcesBuildPhase;
			buildActionMask = 2147483647;
			files = (
				85954B7D2AB3EEBD00680758 /* TangerineTests.swift in Sources */,
			);
			runOnlyForDeploymentPostprocessing = 0;
		};
		85954B7E2AB3EEBD00680758 /* Sources */ = {
			isa = PBXSourcesBuildPhase;
			buildActionMask = 2147483647;
			files = (
				85954B892AB3EEBD00680758 /* TangerineUITestsLaunchTests.swift in Sources */,
				85954B872AB3EEBD00680758 /* TangerineUITests.swift in Sources */,
			);
			runOnlyForDeploymentPostprocessing = 0;
		};
/* End PBXSourcesBuildPhase section */

/* Begin PBXTargetDependency section */
		85954B7A2AB3EEBD00680758 /* PBXTargetDependency */ = {
			isa = PBXTargetDependency;
			target = 85954B672AB3EEBC00680758 /* Tangerine */;
			targetProxy = 85954B792AB3EEBD00680758 /* PBXContainerItemProxy */;
		};
		85954B842AB3EEBD00680758 /* PBXTargetDependency */ = {
			isa = PBXTargetDependency;
			target = 85954B672AB3EEBC00680758 /* Tangerine */;
			targetProxy = 85954B832AB3EEBD00680758 /* PBXContainerItemProxy */;
		};
/* End PBXTargetDependency section */

/* Begin XCBuildConfiguration section */
		85954B8A2AB3EEBD00680758 /* Debug */ = {
			isa = XCBuildConfiguration;
			buildSettings = {
				ALWAYS_SEARCH_USER_PATHS = NO;
				ASSETCATALOG_COMPILER_GENERATE_SWIFT_ASSET_SYMBOL_EXTENSIONS = YES;
				CLANG_ANALYZER_NONNULL = YES;
				CLANG_ANALYZER_NUMBER_OBJECT_CONVERSION = YES_AGGRESSIVE;
				CLANG_CXX_LANGUAGE_STANDARD = "gnu++20";
				CLANG_ENABLE_MODULES = YES;
				CLANG_ENABLE_OBJC_ARC = YES;
				CLANG_ENABLE_OBJC_WEAK = YES;
				CLANG_WARN_BLOCK_CAPTURE_AUTORELEASING = YES;
				CLANG_WARN_BOOL_CONVERSION = YES;
				CLANG_WARN_COMMA = YES;
				CLANG_WARN_CONSTANT_CONVERSION = YES;
				CLANG_WARN_DEPRECATED_OBJC_IMPLEMENTATIONS = YES;
				CLANG_WARN_DIRECT_OBJC_ISA_USAGE = YES_ERROR;
				CLANG_WARN_DOCUMENTATION_COMMENTS = YES;
				CLANG_WARN_EMPTY_BODY = YES;
				CLANG_WARN_ENUM_CONVERSION = YES;
				CLANG_WARN_INFINITE_RECURSION = YES;
				CLANG_WARN_INT_CONVERSION = YES;
				CLANG_WARN_NON_LITERAL_NULL_CONVERSION = YES;
				CLANG_WARN_OBJC_IMPLICIT_RETAIN_SELF = YES;
				CLANG_WARN_OBJC_LITERAL_CONVERSION = YES;
				CLANG_WARN_OBJC_ROOT_CLASS = YES_ERROR;
				CLANG_WARN_QUOTED_INCLUDE_IN_FRAMEWORK_HEADER = YES;
				CLANG_WARN_RANGE_LOOP_ANALYSIS = YES;
				CLANG_WARN_STRICT_PROTOTYPES = YES;
				CLANG_WARN_SUSPICIOUS_MOVE = YES;
				CLANG_WARN_UNGUARDED_AVAILABILITY = YES_AGGRESSIVE;
				CLANG_WARN_UNREACHABLE_CODE = YES;
				CLANG_WARN__DUPLICATE_METHOD_MATCH = YES;
				COPY_PHASE_STRIP = NO;
				DEBUG_INFORMATION_FORMAT = dwarf;
				ENABLE_STRICT_OBJC_MSGSEND = YES;
				ENABLE_TESTABILITY = YES;
				ENABLE_USER_SCRIPT_SANDBOXING = YES;
				GCC_C_LANGUAGE_STANDARD = gnu17;
				GCC_DYNAMIC_NO_PIC = NO;
				GCC_NO_COMMON_BLOCKS = YES;
				GCC_OPTIMIZATION_LEVEL = 0;
				GCC_PREPROCESSOR_DEFINITIONS = (
					"DEBUG=1",
					"$(inherited)",
				);
				GCC_WARN_64_TO_32_BIT_CONVERSION = YES;
				GCC_WARN_ABOUT_RETURN_TYPE = YES_ERROR;
				GCC_WARN_UNDECLARED_SELECTOR = YES;
				GCC_WARN_UNINITIALIZED_AUTOS = YES_AGGRESSIVE;
				GCC_WARN_UNUSED_FUNCTION = YES;
				GCC_WARN_UNUSED_VARIABLE = YES;
				IPHONEOS_DEPLOYMENT_TARGET = 17.0;
				LOCALIZATION_PREFERS_STRING_CATALOGS = YES;
				MTL_ENABLE_DEBUG_INFO = INCLUDE_SOURCE;
				MTL_FAST_MATH = YES;
				ONLY_ACTIVE_ARCH = YES;
				SDKROOT = iphoneos;
				SWIFT_ACTIVE_COMPILATION_CONDITIONS = "DEBUG $(inherited)";
				SWIFT_OPTIMIZATION_LEVEL = "-Onone";
			};
			name = Debug;
		};
		85954B8B2AB3EEBD00680758 /* Release */ = {
			isa = XCBuildConfiguration;
			buildSettings = {
				ALWAYS_SEARCH_USER_PATHS = NO;
				ASSETCATALOG_COMPILER_GENERATE_SWIFT_ASSET_SYMBOL_EXTENSIONS = YES;
				CLANG_ANALYZER_NONNULL = YES;
				CLANG_ANALYZER_NUMBER_OBJECT_CONVERSION = YES_AGGRESSIVE;
				CLANG_CXX_LANGUAGE_STANDARD = "gnu++20";
				CLANG_ENABLE_MODULES = YES;
				CLANG_ENABLE_OBJC_ARC = YES;
				CLANG_ENABLE_OBJC_WEAK = YES;
				CLANG_WARN_BLOCK_CAPTURE_AUTORELEASING = YES;
				CLANG_WARN_BOOL_CONVERSION = YES;
				CLANG_WARN_COMMA = YES;
				CLANG_WARN_CONSTANT_CONVERSION = YES;
				CLANG_WARN_DEPRECATED_OBJC_IMPLEMENTATIONS = YES;
				CLANG_WARN_DIRECT_OBJC_ISA_USAGE = YES_ERROR;
				CLANG_WARN_DOCUMENTATION_COMMENTS = YES;
				CLANG_WARN_EMPTY_BODY = YES;
				CLANG_WARN_ENUM_CONVERSION = YES;
				CLANG_WARN_INFINITE_RECURSION = YES;
				CLANG_WARN_INT_CONVERSION = YES;
				CLANG_WARN_NON_LITERAL_NULL_CONVERSION = YES;
				CLANG_WARN_OBJC_IMPLICIT_RETAIN_SELF = YES;
				CLANG_WARN_OBJC_LITERAL_CONVERSION = YES;
				CLANG_WARN_OBJC_ROOT_CLASS = YES_ERROR;
				CLANG_WARN_QUOTED_INCLUDE_IN_FRAMEWORK_HEADER = YES;
				CLANG_WARN_RANGE_LOOP_ANALYSIS = YES;
				CLANG_WARN_STRICT_PROTOTYPES = YES;
				CLANG_WARN_SUSPICIOUS_MOVE = YES;
				CLANG_WARN_UNGUARDED_AVAILABILITY = YES_AGGRESSIVE;
				CLANG_WARN_UNREACHABLE_CODE = YES;
				CLANG_WARN__DUPLICATE_METHOD_MATCH = YES;
				COPY_PHASE_STRIP = NO;
				DEBUG_INFORMATION_FORMAT = "dwarf-with-dsym";
				ENABLE_NS_ASSERTIONS = NO;
				ENABLE_STRICT_OBJC_MSGSEND = YES;
				ENABLE_USER_SCRIPT_SANDBOXING = YES;
				GCC_C_LANGUAGE_STANDARD = gnu17;
				GCC_NO_COMMON_BLOCKS = YES;
				GCC_WARN_64_TO_32_BIT_CONVERSION = YES;
				GCC_WARN_ABOUT_RETURN_TYPE = YES_ERROR;
				GCC_WARN_UNDECLARED_SELECTOR = YES;
				GCC_WARN_UNINITIALIZED_AUTOS = YES_AGGRESSIVE;
				GCC_WARN_UNUSED_FUNCTION = YES;
				GCC_WARN_UNUSED_VARIABLE = YES;
				IPHONEOS_DEPLOYMENT_TARGET = 17.0;
				LOCALIZATION_PREFERS_STRING_CATALOGS = YES;
				MTL_ENABLE_DEBUG_INFO = NO;
				MTL_FAST_MATH = YES;
				SDKROOT = iphoneos;
				SWIFT_COMPILATION_MODE = wholemodule;
				VALIDATE_PRODUCT = YES;
			};
			name = Release;
		};
		85954B8D2AB3EEBD00680758 /* Debug */ = {
			isa = XCBuildConfiguration;
			buildSettings = {
				ASSETCATALOG_COMPILER_APPICON_NAME = AppIcon;
				ASSETCATALOG_COMPILER_GLOBAL_ACCENT_COLOR_NAME = AccentColor;
				CODE_SIGN_STYLE = Automatic;
				CURRENT_PROJECT_VERSION = 1;
				DEVELOPMENT_ASSET_PATHS = "\"Tangerine/Preview Content\"";
				DEVELOPMENT_TEAM = HRM88D6372;
				ENABLE_PREVIEWS = YES;
				GENERATE_INFOPLIST_FILE = YES;
				INFOPLIST_KEY_LSApplicationCategoryType = "public.app-category.reference";
				INFOPLIST_KEY_UIApplicationSceneManifest_Generation = YES;
				INFOPLIST_KEY_UIApplicationSupportsIndirectInputEvents = YES;
				INFOPLIST_KEY_UILaunchScreen_Generation = YES;
				INFOPLIST_KEY_UISupportedInterfaceOrientations_iPad = "UIInterfaceOrientationPortrait UIInterfaceOrientationPortraitUpsideDown UIInterfaceOrientationLandscapeLeft UIInterfaceOrientationLandscapeRight";
				INFOPLIST_KEY_UISupportedInterfaceOrientations_iPhone = "UIInterfaceOrientationPortrait UIInterfaceOrientationLandscapeLeft UIInterfaceOrientationLandscapeRight";
				LD_RUNPATH_SEARCH_PATHS = (
					"$(inherited)",
					"@executable_path/Frameworks",
				);
				MARKETING_VERSION = 1.0;
				PRODUCT_BUNDLE_IDENTIFIER = com.forestkatsch.tangerine;
				PRODUCT_NAME = "$(TARGET_NAME)";
				SUPPORTED_PLATFORMS = "iphoneos iphonesimulator macosx xros xrsimulator";
				SUPPORTS_MACCATALYST = NO;
				SUPPORTS_MAC_DESIGNED_FOR_IPHONE_IPAD = NO;
				SUPPORTS_XR_DESIGNED_FOR_IPHONE_IPAD = NO;
				SWIFT_EMIT_LOC_STRINGS = YES;
				SWIFT_VERSION = 5.0;
				TARGETED_DEVICE_FAMILY = "1,2,7";
			};
			name = Debug;
		};
		85954B8E2AB3EEBD00680758 /* Release */ = {
			isa = XCBuildConfiguration;
			buildSettings = {
				ASSETCATALOG_COMPILER_APPICON_NAME = AppIcon;
				ASSETCATALOG_COMPILER_GLOBAL_ACCENT_COLOR_NAME = AccentColor;
				CODE_SIGN_STYLE = Automatic;
				CURRENT_PROJECT_VERSION = 1;
				DEVELOPMENT_ASSET_PATHS = "\"Tangerine/Preview Content\"";
				DEVELOPMENT_TEAM = HRM88D6372;
				ENABLE_PREVIEWS = YES;
				GENERATE_INFOPLIST_FILE = YES;
				INFOPLIST_KEY_LSApplicationCategoryType = "public.app-category.reference";
				INFOPLIST_KEY_UIApplicationSceneManifest_Generation = YES;
				INFOPLIST_KEY_UIApplicationSupportsIndirectInputEvents = YES;
				INFOPLIST_KEY_UILaunchScreen_Generation = YES;
				INFOPLIST_KEY_UISupportedInterfaceOrientations_iPad = "UIInterfaceOrientationPortrait UIInterfaceOrientationPortraitUpsideDown UIInterfaceOrientationLandscapeLeft UIInterfaceOrientationLandscapeRight";
				INFOPLIST_KEY_UISupportedInterfaceOrientations_iPhone = "UIInterfaceOrientationPortrait UIInterfaceOrientationLandscapeLeft UIInterfaceOrientationLandscapeRight";
				LD_RUNPATH_SEARCH_PATHS = (
					"$(inherited)",
					"@executable_path/Frameworks",
				);
				MARKETING_VERSION = 1.0;
				PRODUCT_BUNDLE_IDENTIFIER = com.forestkatsch.tangerine;
				PRODUCT_NAME = "$(TARGET_NAME)";
				SUPPORTED_PLATFORMS = "iphoneos iphonesimulator macosx xros xrsimulator";
				SUPPORTS_MACCATALYST = NO;
				SUPPORTS_MAC_DESIGNED_FOR_IPHONE_IPAD = NO;
				SUPPORTS_XR_DESIGNED_FOR_IPHONE_IPAD = NO;
				SWIFT_EMIT_LOC_STRINGS = YES;
				SWIFT_VERSION = 5.0;
				TARGETED_DEVICE_FAMILY = "1,2,7";
			};
			name = Release;
		};
		85954B902AB3EEBD00680758 /* Debug */ = {
			isa = XCBuildConfiguration;
			buildSettings = {
				ALWAYS_EMBED_SWIFT_STANDARD_LIBRARIES = YES;
				BUNDLE_LOADER = "$(TEST_HOST)";
				CODE_SIGN_STYLE = Automatic;
				CURRENT_PROJECT_VERSION = 1;
				DEVELOPMENT_TEAM = HRM88D6372;
				GENERATE_INFOPLIST_FILE = YES;
				IPHONEOS_DEPLOYMENT_TARGET = 17.0;
				MARKETING_VERSION = 1.0;
				PRODUCT_BUNDLE_IDENTIFIER = com.forestkatsch.TangerineTests;
				PRODUCT_NAME = "$(TARGET_NAME)";
				SWIFT_EMIT_LOC_STRINGS = NO;
				SWIFT_VERSION = 5.0;
				TARGETED_DEVICE_FAMILY = "1,2";
				TEST_HOST = "$(BUILT_PRODUCTS_DIR)/Tangerine.app/$(BUNDLE_EXECUTABLE_FOLDER_PATH)/Tangerine";
			};
			name = Debug;
		};
		85954B912AB3EEBD00680758 /* Release */ = {
			isa = XCBuildConfiguration;
			buildSettings = {
				ALWAYS_EMBED_SWIFT_STANDARD_LIBRARIES = YES;
				BUNDLE_LOADER = "$(TEST_HOST)";
				CODE_SIGN_STYLE = Automatic;
				CURRENT_PROJECT_VERSION = 1;
				DEVELOPMENT_TEAM = HRM88D6372;
				GENERATE_INFOPLIST_FILE = YES;
				IPHONEOS_DEPLOYMENT_TARGET = 17.0;
				MARKETING_VERSION = 1.0;
				PRODUCT_BUNDLE_IDENTIFIER = com.forestkatsch.TangerineTests;
				PRODUCT_NAME = "$(TARGET_NAME)";
				SWIFT_EMIT_LOC_STRINGS = NO;
				SWIFT_VERSION = 5.0;
				TARGETED_DEVICE_FAMILY = "1,2";
				TEST_HOST = "$(BUILT_PRODUCTS_DIR)/Tangerine.app/$(BUNDLE_EXECUTABLE_FOLDER_PATH)/Tangerine";
			};
			name = Release;
		};
		85954B932AB3EEBD00680758 /* Debug */ = {
			isa = XCBuildConfiguration;
			buildSettings = {
				ALWAYS_EMBED_SWIFT_STANDARD_LIBRARIES = YES;
				CODE_SIGN_STYLE = Automatic;
				CURRENT_PROJECT_VERSION = 1;
				DEVELOPMENT_TEAM = HRM88D6372;
				GENERATE_INFOPLIST_FILE = YES;
				MARKETING_VERSION = 1.0;
				PRODUCT_BUNDLE_IDENTIFIER = com.forestkatsch.TangerineUITests;
				PRODUCT_NAME = "$(TARGET_NAME)";
				SWIFT_EMIT_LOC_STRINGS = NO;
				SWIFT_VERSION = 5.0;
				TARGETED_DEVICE_FAMILY = "1,2";
				TEST_TARGET_NAME = Tangerine;
			};
			name = Debug;
		};
		85954B942AB3EEBD00680758 /* Release */ = {
			isa = XCBuildConfiguration;
			buildSettings = {
				ALWAYS_EMBED_SWIFT_STANDARD_LIBRARIES = YES;
				CODE_SIGN_STYLE = Automatic;
				CURRENT_PROJECT_VERSION = 1;
				DEVELOPMENT_TEAM = HRM88D6372;
				GENERATE_INFOPLIST_FILE = YES;
				MARKETING_VERSION = 1.0;
				PRODUCT_BUNDLE_IDENTIFIER = com.forestkatsch.TangerineUITests;
				PRODUCT_NAME = "$(TARGET_NAME)";
				SWIFT_EMIT_LOC_STRINGS = NO;
				SWIFT_VERSION = 5.0;
				TARGETED_DEVICE_FAMILY = "1,2";
				TEST_TARGET_NAME = Tangerine;
			};
			name = Release;
		};
/* End XCBuildConfiguration section */

/* Begin XCConfigurationList section */
		85954B632AB3EEBB00680758 /* Build configuration list for PBXProject "Tangerine" */ = {
			isa = XCConfigurationList;
			buildConfigurations = (
				85954B8A2AB3EEBD00680758 /* Debug */,
				85954B8B2AB3EEBD00680758 /* Release */,
			);
			defaultConfigurationIsVisible = 0;
			defaultConfigurationName = Release;
		};
		85954B8C2AB3EEBD00680758 /* Build configuration list for PBXNativeTarget "Tangerine" */ = {
			isa = XCConfigurationList;
			buildConfigurations = (
				85954B8D2AB3EEBD00680758 /* Debug */,
				85954B8E2AB3EEBD00680758 /* Release */,
			);
			defaultConfigurationIsVisible = 0;
			defaultConfigurationName = Release;
		};
		85954B8F2AB3EEBD00680758 /* Build configuration list for PBXNativeTarget "TangerineTests" */ = {
			isa = XCConfigurationList;
			buildConfigurations = (
				85954B902AB3EEBD00680758 /* Debug */,
				85954B912AB3EEBD00680758 /* Release */,
			);
			defaultConfigurationIsVisible = 0;
			defaultConfigurationName = Release;
		};
		85954B922AB3EEBD00680758 /* Build configuration list for PBXNativeTarget "TangerineUITests" */ = {
			isa = XCConfigurationList;
			buildConfigurations = (
				85954B932AB3EEBD00680758 /* Debug */,
				85954B942AB3EEBD00680758 /* Release */,
			);
			defaultConfigurationIsVisible = 0;
			defaultConfigurationName = Release;
		};
/* End XCConfigurationList section */

/* Begin XCRemoteSwiftPackageReference section */
		85568B962B5B8EE600EA2E20 /* XCRemoteSwiftPackageReference "BetterSafariView" */ = {
			isa = XCRemoteSwiftPackageReference;
			repositoryURL = "https://github.com/stleamist/BetterSafariView.git";
			requirement = {
				branch = main;
				kind = branch;
			};
		};
		85568B9B2B5B9B4200EA2E20 /* XCRemoteSwiftPackageReference "swiftui-introspect" */ = {
			isa = XCRemoteSwiftPackageReference;
			repositoryURL = "https://github.com/siteline/swiftui-introspect";
			requirement = {
				kind = upToNextMajorVersion;
				minimumVersion = 1.1.2;
			};
		};
		85954BAD2AB4070F00680758 /* XCRemoteSwiftPackageReference "SwiftSoup" */ = {
			isa = XCRemoteSwiftPackageReference;
			repositoryURL = "https://github.com/scinfu/SwiftSoup.git";
			requirement = {
				kind = upToNextMajorVersion;
				minimumVersion = 2.6.1;
			};
		};
/* End XCRemoteSwiftPackageReference section */

/* Begin XCSwiftPackageProductDependency section */
		85568B972B5B8EE600EA2E20 /* BetterSafariView */ = {
			isa = XCSwiftPackageProductDependency;
			package = 85568B962B5B8EE600EA2E20 /* XCRemoteSwiftPackageReference "BetterSafariView" */;
			productName = BetterSafariView;
		};
		85568B9C2B5B9B4200EA2E20 /* SwiftUIIntrospect */ = {
			isa = XCSwiftPackageProductDependency;
			package = 85568B9B2B5B9B4200EA2E20 /* XCRemoteSwiftPackageReference "swiftui-introspect" */;
			productName = SwiftUIIntrospect;
		};
		85954BAE2AB4070F00680758 /* SwiftSoup */ = {
			isa = XCSwiftPackageProductDependency;
			package = 85954BAD2AB4070F00680758 /* XCRemoteSwiftPackageReference "SwiftSoup" */;
			productName = SwiftSoup;
		};
/* End XCSwiftPackageProductDependency section */
	};
	rootObject = 85954B602AB3EEBB00680758 /* Project object */;
}
