{
  "originHash" : "7369d6d5468fffd0fd8c579263b0aaf4ae16dd4facdbf074a5a44a02a04f6bba",
  "pins" : [
    {
      "identity" : "aquifer",
      "kind" : "remoteSourceControl",
      "location" : "git@github.com:ForestKatsch/Aquifer.git",
      "state" : {
        "branch" : "main",
        "revision" : "79262fbebb6c58865d0c26363ec2d958ed69a92a"
      }
    },
    {
      "identity" : "defaults",
      "kind" : "remoteSourceControl",
      "location" : "https://github.com/sindresorhus/Defaults",
      "state" : {
        "branch" : "main",
        "revision" : "9d53e58f342996b781135f0e9db9e6d01b1ab360"
      }
    },
    {
      "identity" : "lrucache",
      "kind" : "remoteSourceControl",
      "location" : "https://github.com/nicklockwood/LRUCache.git",
      "state" : {
        "revision" : "e0e9e039b33db8f2ef39b8e25607e38f46b13584",
        "version" : "1.1.2"
      }
    },
    {
      "identity" : "swift-atomics",
      "kind" : "remoteSourceControl",
      "location" : "https://github.com/apple/swift-atomics.git",
      "state" : {
        "revision" : "b601256eab081c0f92f059e12818ac1d4f178ff7",
        "version" : "1.3.0"
      }
    },
    {
      "identity" : "swift-syntax",
      "kind" : "remoteSourceControl",
      "location" : "https://github.com/swiftlang/swift-syntax",
      "state" : {
        "revision" : "f99ae8aa18f0cf0d53481901f88a0991dc3bd4a2",
        "version" : "601.0.1"
      }
    },
    {
      "identity" : "swiftsoup",
      "kind" : "remoteSourceControl",
      "location" : "https://github.com/scinfu/SwiftSoup.git",
      "state" : {
        "revision" : "db0428bcfced386943c05ba8ea3e607baa715e45",
        "version" : "2.11.0"
      }
    },
    {
      "identity" : "swiftui-introspect",
      "kind" : "remoteSourceControl",
      "location" : "https://github.com/siteline/swiftui-introspect",
      "state" : {
        "revision" : "807f73ce09a9b9723f12385e592b4e0aaebd3336",
        "version" : "1.3.0"
      }
    }
  ],
  "version" : 3
}
