{
  "originHash" : "5e43d9ad41001c3cc92a76872985321242ed49a65145f2f72c2840b8dfa3cc40",
  "pins" : [
    {
      "identity" : "defaults",
      "kind" : "remoteSourceControl",
      "location" : "https://github.com/sindresorhus/Defaults",
      "state" : {
        "branch" : "main",
        "revision" : "0f73f9401a416336931f2d598662cc524a13b21f"
      }
    },
    {
      "identity" : "swiftsoup",
      "kind" : "remoteSourceControl",
      "location" : "https://github.com/scinfu/SwiftSoup.git",
      "state" : {
        "revision" : "8b6cf29eead8841a1fa7822481cb3af4ddaadba6",
        "version" : "2.6.1"
      }
    },
    {
      "identity" : "swiftui-introspect",
      "kind" : "remoteSourceControl",
      "location" : "https://github.com/siteline/swiftui-introspect",
      "state" : {
        "revision" : "18e965f867e37a558ad13c12d330dbe047099180",
        "version" : "1.1.2"
      }
    }
  ],
  "version" : 3
}
