{
  "originHash" : "ff09a07984ba01b4af304b6aa603bbd1c92f80836e268b900866acd07ae17cf5",
  "pins" : [
    {
      "identity" : "aquifer",
      "kind" : "remoteSourceControl",
      "location" : "git@github.com:ForestKatsch/Aquifer.git",
      "state" : {
        "branch" : "main",
        "revision" : "14c32c17eb78bc565425030bd9ee1f59fe2dc84a"
      }
    },
    {
      "identity" : "defaults",
      "kind" : "remoteSourceControl",
      "location" : "https://github.com/sindresorhus/Defaults",
      "state" : {
        "branch" : "main",
        "revision" : "9d53e58f342996b781135f0e9db9e6d01b1ab360"
      }
    },
    {
      "identity" : "swift-syntax",
      "kind" : "remoteSourceControl",
      "location" : "https://github.com/swiftlang/swift-syntax",
      "state" : {
        "revision" : "f99ae8aa18f0cf0d53481901f88a0991dc3bd4a2",
        "version" : "601.0.1"
      }
    },
    {
      "identity" : "swiftsoup",
      "kind" : "remoteSourceControl",
      "location" : "https://github.com/scinfu/SwiftSoup.git",
      "state" : {
        "revision" : "18b80329749eca5ea29fc50211dca5c7eff5bfec",
        "version" : "2.13.9"
      }
    }
  ],
  "version" : 3
}
